
Microsoft Visual Studio Solution File, Format Version 12.00
# Visual Studio Version 16
VisualStudioVersion = 16.0.29411.108
MinimumVisualStudioVersion = 10.0.40219.1
Project("{9A19103F-16F7-4668-BE54-9A1E7A4F7556}") = "atm", "atm.csproj", "{6AF5962B-7FE2-4409-82A4-BAEA3DF4423D}"
EndProject
Global
	GlobalSection(SolutionConfigurationPlatforms) = preSolution
		Debug|Any CPU = Debug|Any CPU
		Release|Any CPU = Release|Any CPU
	EndGlobalSection
	GlobalSection(ProjectConfigurationPlatforms) = postSolution
		{6AF5962B-7FE2-4409-82A4-BAEA3DF4423D}.Debug|Any CPU.ActiveCfg = Debug|Any CPU
		{6AF5962B-7FE2-4409-82A4-BAEA3DF4423D}.Debug|Any CPU.Build.0 = Debug|Any CPU
		{6AF5962B-7FE2-4409-82A4-BAEA3DF4423D}.Release|Any CPU.ActiveCfg = Release|Any CPU
		{6AF5962B-7FE2-4409-82A4-BAEA3DF4423D}.Release|Any CPU.Build.0 = Release|Any CPU
	EndGlobalSection
	GlobalSection(SolutionProperties) = preSolution
		HideSolutionNode = FALSE
	EndGlobalSection
	GlobalSection(ExtensibilityGlobals) = postSolution
		SolutionGuid = {498EE60E-7672-4F31-8C1F-3326D69C6730}
	EndGlobalSection
EndGlobal
